{
  "name": "01",
  "lockfileVersion": 3,
  "requires": true,
  "packages": {
    "": {
      "name": "01",
      "dependencies": {
        "bun": "^1.0.14",
        "tsc": "^2.0.4"
      },
      "devDependencies": {
        "@types/node": "^20.10.1"
      }
    },
    "node_modules/@oven/bun-darwin-aarch64": {
      "version": "1.0.14",
      "resolved": "https://registry.npmjs.org/@oven/bun-darwin-aarch64/-/bun-darwin-aarch64-1.0.14.tgz",
      "integrity": "sha512-dx3oMSyok9hMR+0uZTSF+OwGYvrJbiRpx/4MxRDtasBgCqLO8YvI0TKtPYPx+hRHfQKKRR6hRIMcG8kwLVkEJQ==",
      "cpu": [
        "arm64"
      ],
      "optional": true,
      "os": [
        "darwin"
      ]
    },
    "node_modules/@oven/bun-darwin-x64": {
      "version": "1.0.14",
      "resolved": "https://registry.npmjs.org/@oven/bun-darwin-x64/-/bun-darwin-x64-1.0.14.tgz",
      "integrity": "sha512-FydMlmFmWF009mqXpHe2rkl+7AEptNKBtN3u0Jz1UtGfWYQhAmTSNLNr8bvFBT2vV5wA1GAan5p3/HNjM9+djA==",
      "cpu": [
        "x64"
      ],
      "optional": true,
      "os": [
        "darwin"
      ]
    },
    "node_modules/@oven/bun-darwin-x64-baseline": {
      "version": "1.0.14",
      "resolved": "https://registry.npmjs.org/@oven/bun-darwin-x64-baseline/-/bun-darwin-x64-baseline-1.0.14.tgz",
      "integrity": "sha512-x6QRBPygKHhxO19NpdTMX2nbQfbqiLB6XOcTZ4927MBx1af74f111yC1lZ4DzLQhqD7BORMoqtVL7hluVuGGWQ==",
      "cpu": [
        "x64"
      ],
      "optional": true,
      "os": [
        "darwin"
      ]
    },
    "node_modules/@oven/bun-linux-aarch64": {
      "version": "1.0.14",
      "resolved": "https://registry.npmjs.org/@oven/bun-linux-aarch64/-/bun-linux-aarch64-1.0.14.tgz",
      "integrity": "sha512-biM4wx1dGr4X3O1LzrNwRBk+A6uIrCy08xFg7UqWRFXbVPWAf6DwKiRBGnrIIziit2OCza4aRM3GgN/2aylr+A==",
      "cpu": [
        "arm64"
      ],
      "optional": true,
      "os": [
        "linux"
      ]
    },
    "node_modules/@oven/bun-linux-x64": {
      "version": "1.0.14",
      "resolved": "https://registry.npmjs.org/@oven/bun-linux-x64/-/bun-linux-x64-1.0.14.tgz",
      "integrity": "sha512-Boe49aboUOffHw4HQ39hgtnxWJJmJpMrLVwPCWhPXxaOcraOgfv5zoGh5h7Ic210lZEDE8difqY7y5uE0TsmUQ==",
      "cpu": [
        "x64"
      ],
      "optional": true,
      "os": [
        "linux"
      ]
    },
    "node_modules/@oven/bun-linux-x64-baseline": {
      "version": "1.0.14",
      "resolved": "https://registry.npmjs.org/@oven/bun-linux-x64-baseline/-/bun-linux-x64-baseline-1.0.14.tgz",
      "integrity": "sha512-Qxipp8jXaJdf/iVEPtZZMA7yK8OXhm74daaP7eU+mUMwgLVyjhj8LSCT8xWZkrjR7GK3UZJhJJJllSZ847pXDQ==",
      "cpu": [
        "x64"
      ],
      "optional": true,
      "os": [
        "linux"
      ]
    },
    "node_modules/@types/node": {
      "version": "20.10.1",
      "resolved": "https://registry.npmjs.org/@types/node/-/node-20.10.1.tgz",
      "integrity": "sha512-T2qwhjWwGH81vUEx4EXmBKsTJRXFXNZTL4v0gi01+zyBmCwzE6TyHszqX01m+QHTEq+EZNo13NeJIdEqf+Myrg==",
      "dev": true,
      "dependencies": {
        "undici-types": "~5.26.4"
      }
    },
    "node_modules/bun": {
      "version": "1.0.14",
      "resolved": "https://registry.npmjs.org/bun/-/bun-1.0.14.tgz",
      "integrity": "sha512-fOi0SscF/yIv2Hl0iuD/YG/SgiH5stKsKO8RDRMDB9ZTQM3enq9sUhz2bCj3hf+4HVMcMQoOtrnT8SQAdqve6A==",
      "cpu": [
        "arm64",
        "x64"
      ],
      "hasInstallScript": true,
      "os": [
        "darwin",
        "linux"
      ],
      "bin": {
        "bun": "bin/bun",
        "bunx": "bin/bun"
      },
      "optionalDependencies": {
        "@oven/bun-darwin-aarch64": "1.0.14",
        "@oven/bun-darwin-x64": "1.0.14",
        "@oven/bun-darwin-x64-baseline": "1.0.14",
        "@oven/bun-linux-aarch64": "1.0.14",
        "@oven/bun-linux-x64": "1.0.14",
        "@oven/bun-linux-x64-baseline": "1.0.14"
      }
    },
    "node_modules/tsc": {
      "version": "2.0.4",
      "resolved": "https://registry.npmjs.org/tsc/-/tsc-2.0.4.tgz",
      "integrity": "sha512-fzoSieZI5KKJVBYGvwbVZs/J5za84f2lSTLPYf6AGiIf43tZ3GNrI1QzTLcjtyDDP4aLxd46RTZq1nQxe7+k5Q==",
      "bin": {
        "tsc": "bin/tsc"
      }
    },
    "node_modules/undici-types": {
      "version": "5.26.5",
      "resolved": "https://registry.npmjs.org/undici-types/-/undici-types-5.26.5.tgz",
      "integrity": "sha512-JlCMO+ehdEIKqlFxk6IfVoAUVmgz7cU7zD/h9XZ0qzeosSHmUJVOzSQvvYSYWXkFXC+IfLKSIffhv0sVZup6pA==",
      "dev": true
    }
  }
}
