# This file is generated by running "yarn install" inside your project.
# Manual changes might be lost - proceed with caution!

__metadata:
  version: 6
  cacheKey: 8

"01@workspace:.":
  version: 0.0.0-use.local
  resolution: "01@workspace:."
  dependencies:
    "@types/node": ^20.10.1
    tsc: ^2.0.4
  languageName: unknown
  linkType: soft

"@types/node@npm:^20.10.1":
  version: 20.10.1
  resolution: "@types/node@npm:20.10.1"
  dependencies:
    undici-types: ~5.26.4
  checksum: 9dfdcd2496ce535dba0ae496985d6e991a8a5d70a180db3a94c947a2123d99318a95dce4aa2a192f7e57c3afa3fdb44d6fd63e18efd49568950d6c239dadcc39
  languageName: node
  linkType: hard

"tsc@npm:^2.0.4":
  version: 2.0.4
  resolution: "tsc@npm:2.0.4"
  bin:
    tsc: bin/tsc
  checksum: 50b10240887424c66454687f0fca4e319713b35cb44f0dab228719eb4dd757251f83c3d79e60d29dfbe90c2d6f1272f793b83e75a9fca2c622b4213ad3eb8cb1
  languageName: node
  linkType: hard

"undici-types@npm:~5.26.4":
  version: 5.26.5
  resolution: "undici-types@npm:5.26.5"
  checksum: 3192ef6f3fd5df652f2dc1cd782b49d6ff14dc98e5dced492aa8a8c65425227da5da6aafe22523c67f035a272c599bb89cfe803c1db6311e44bed3042fc25487
  languageName: node
  linkType: hard
