# This file is generated by running "yarn install" inside your project.
# Manual changes might be lost - proceed with caution!

__metadata:
  version: 6
  cacheKey: 8

"01@workspace:.":
  version: 0.0.0-use.local
  resolution: "01@workspace:."
  dependencies:
    "@types/lodash": ^4.14.202
    "@types/node": ^20.10.1
    lodash: ^4.17.21
    tsc: ^2.0.4
  languageName: unknown
  linkType: soft

"@types/lodash@npm:^4.14.202":
  version: 4.14.202
  resolution: "@types/lodash@npm:4.14.202"
  checksum: a91acf3564a568c6f199912f3eb2c76c99c5a0d7e219394294213b3f2d54f672619f0fde4da22b29dc5d4c31457cd799acc2e5cb6bd90f9af04a1578483b6ff7
  languageName: node
  linkType: hard

"@types/node@npm:^20.10.1":
  version: 20.10.1
  resolution: "@types/node@npm:20.10.1"
  dependencies:
    undici-types: ~5.26.4
  checksum: 9dfdcd2496ce535dba0ae496985d6e991a8a5d70a180db3a94c947a2123d99318a95dce4aa2a192f7e57c3afa3fdb44d6fd63e18efd49568950d6c239dadcc39
  languageName: node
  linkType: hard

"lodash@npm:^4.17.21":
  version: 4.17.21
  resolution: "lodash@npm:4.17.21"
  checksum: eb835a2e51d381e561e508ce932ea50a8e5a68f4ebdd771ea240d3048244a8d13658acbd502cd4829768c56f2e16bdd4340b9ea141297d472517b83868e677f7
  languageName: node
  linkType: hard

"tsc@npm:^2.0.4":
  version: 2.0.4
  resolution: "tsc@npm:2.0.4"
  bin:
    tsc: bin/tsc
  checksum: 50b10240887424c66454687f0fca4e319713b35cb44f0dab228719eb4dd757251f83c3d79e60d29dfbe90c2d6f1272f793b83e75a9fca2c622b4213ad3eb8cb1
  languageName: node
  linkType: hard

"undici-types@npm:~5.26.4":
  version: 5.26.5
  resolution: "undici-types@npm:5.26.5"
  checksum: 3192ef6f3fd5df652f2dc1cd782b49d6ff14dc98e5dced492aa8a8c65425227da5da6aafe22523c67f035a272c599bb89cfe803c1db6311e44bed3042fc25487
  languageName: node
  linkType: hard
